
Microsoft Visual Studio Solution File, Format Version 12.00
# Visual Studio Express 14 for Windows Desktop
VisualStudioVersion = 14.0.25420.1
MinimumVisualStudioVersion = 10.0.40219.1
Project("{8BC9CEB8-8B4A-11D0-8D11-00A0C91BC942}") = "plugin", "plugin.vcxproj", "{5E3E2AFD-1D6B-4997-A9B5-8ECBC8F6C31A}"
EndProject
Global
	GlobalSection(SolutionConfigurationPlatforms) = preSolution
		ReleaseA|x64 = ReleaseA|x64
		ReleaseA|x86 = ReleaseA|x86
		ReleaseU|x64 = ReleaseU|x64
		ReleaseU|x86 = ReleaseU|x86
	EndGlobalSection
	GlobalSection(ProjectConfigurationPlatforms) = postSolution
		{5E3E2AFD-1D6B-4997-A9B5-8ECBC8F6C31A}.ReleaseA|x64.ActiveCfg = ReleaseA|x64
		{5E3E2AFD-1D6B-4997-A9B5-8ECBC8F6C31A}.ReleaseA|x64.Build.0 = ReleaseA|x64
		{5E3E2AFD-1D6B-4997-A9B5-8ECBC8F6C31A}.ReleaseA|x86.ActiveCfg = ReleaseA|Win32
		{5E3E2AFD-1D6B-4997-A9B5-8ECBC8F6C31A}.ReleaseA|x86.Build.0 = ReleaseA|Win32
		{5E3E2AFD-1D6B-4997-A9B5-8ECBC8F6C31A}.ReleaseU|x64.ActiveCfg = ReleaseU|x64
		{5E3E2AFD-1D6B-4997-A9B5-8ECBC8F6C31A}.ReleaseU|x64.Build.0 = ReleaseU|x64
		{5E3E2AFD-1D6B-4997-A9B5-8ECBC8F6C31A}.ReleaseU|x86.ActiveCfg = ReleaseU|Win32
		{5E3E2AFD-1D6B-4997-A9B5-8ECBC8F6C31A}.ReleaseU|x86.Build.0 = ReleaseU|Win32
	EndGlobalSection
	GlobalSection(SolutionProperties) = preSolution
		HideSolutionNode = FALSE
	EndGlobalSection
EndGlobal
